
Microsoft Visual Studio Solution File, Format Version 12.00
# Visual Studio Version 17
VisualStudioVersion = 17.12.35527.113
MinimumVisualStudioVersion = 10.0.40219.1
Project("{FAE04EC0-301F-11D3-BF4B-00C04F79EFBC}") = "ZodiacsTextEngine", "ZodiacsTextEngine\ZodiacsTextEngine.csproj", "{EB7A8258-BD42-48A6-B1F8-2D798E3158FF}"
EndProject
Project("{FAE04EC0-301F-11D3-BF4B-00C04F79EFBC}") = "SampleProject", "SampleProject\SampleProject.csproj", "{F634C351-B3D9-42F5-A95B-B0B39A2F433A}"
EndProject
Global
	GlobalSection(SolutionConfigurationPlatforms) = preSolution
		Debug|Any CPU = Debug|Any CPU
		Release|Any CPU = Release|Any CPU
	EndGlobalSection
	GlobalSection(ProjectConfigurationPlatforms) = postSolution
		{EB7A8258-BD42-48A6-B1F8-2D798E3158FF}.Debug|Any CPU.ActiveCfg = Debug|Any CPU
		{EB7A8258-BD42-48A6-B1F8-2D798E3158FF}.Debug|Any CPU.Build.0 = Debug|Any CPU
		{EB7A8258-BD42-48A6-B1F8-2D798E3158FF}.Release|Any CPU.ActiveCfg = Release|Any CPU
		{EB7A8258-BD42-48A6-B1F8-2D798E3158FF}.Release|Any CPU.Build.0 = Release|Any CPU
		{F634C351-B3D9-42F5-A95B-B0B39A2F433A}.Debug|Any CPU.ActiveCfg = Debug|Any CPU
		{F634C351-B3D9-42F5-A95B-B0B39A2F433A}.Debug|Any CPU.Build.0 = Debug|Any CPU
		{F634C351-B3D9-42F5-A95B-B0B39A2F433A}.Release|Any CPU.ActiveCfg = Release|Any CPU
		{F634C351-B3D9-42F5-A95B-B0B39A2F433A}.Release|Any CPU.Build.0 = Release|Any CPU
	EndGlobalSection
	GlobalSection(SolutionProperties) = preSolution
		HideSolutionNode = FALSE
	EndGlobalSection
	GlobalSection(ExtensibilityGlobals) = postSolution
		SolutionGuid = {13865F2E-D5A7-40C8-902C-742D88842174}
	EndGlobalSection
EndGlobal
